
Microsoft Visual Studio Solution File, Format Version 12.00
# Visual Studio Version 16
VisualStudioVersion = 16.0.30717.126
MinimumVisualStudioVersion = 10.0.40219.1
Project("{9A19103F-16F7-4668-BE54-9A1E7A4F7556}") = "VerbalVersion", "VerbalVersion\VerbalVersion.csproj", "{2A9DC8F4-1C21-4A2A-B7E1-475F6B4CD453}"
EndProject
Project("{FAE04EC0-301F-11D3-BF4B-00C04F79EFBC}") = "MakePlural", "MakePlural\MakePlural.csproj", "{63B8182B-D842-4160-AF4B-F9F86397348A}"
EndProject
Project("{FAE04EC0-301F-11D3-BF4B-00C04F79EFBC}") = "Overloading", "Overloading\Overloading.csproj", "{24E7FF98-F6C5-4876-839B-329230F148CB}"
EndProject
Global
	GlobalSection(SolutionConfigurationPlatforms) = preSolution
		Debug|Any CPU = Debug|Any CPU
		Release|Any CPU = Release|Any CPU
	EndGlobalSection
	GlobalSection(ProjectConfigurationPlatforms) = postSolution
		{2A9DC8F4-1C21-4A2A-B7E1-475F6B4CD453}.Debug|Any CPU.ActiveCfg = Debug|Any CPU
		{2A9DC8F4-1C21-4A2A-B7E1-475F6B4CD453}.Debug|Any CPU.Build.0 = Debug|Any CPU
		{2A9DC8F4-1C21-4A2A-B7E1-475F6B4CD453}.Release|Any CPU.ActiveCfg = Release|Any CPU
		{2A9DC8F4-1C21-4A2A-B7E1-475F6B4CD453}.Release|Any CPU.Build.0 = Release|Any CPU
		{63B8182B-D842-4160-AF4B-F9F86397348A}.Debug|Any CPU.ActiveCfg = Debug|Any CPU
		{63B8182B-D842-4160-AF4B-F9F86397348A}.Debug|Any CPU.Build.0 = Debug|Any CPU
		{63B8182B-D842-4160-AF4B-F9F86397348A}.Release|Any CPU.ActiveCfg = Release|Any CPU
		{63B8182B-D842-4160-AF4B-F9F86397348A}.Release|Any CPU.Build.0 = Release|Any CPU
		{24E7FF98-F6C5-4876-839B-329230F148CB}.Debug|Any CPU.ActiveCfg = Debug|Any CPU
		{24E7FF98-F6C5-4876-839B-329230F148CB}.Debug|Any CPU.Build.0 = Debug|Any CPU
		{24E7FF98-F6C5-4876-839B-329230F148CB}.Release|Any CPU.ActiveCfg = Release|Any CPU
		{24E7FF98-F6C5-4876-839B-329230F148CB}.Release|Any CPU.Build.0 = Release|Any CPU
	EndGlobalSection
	GlobalSection(SolutionProperties) = preSolution
		HideSolutionNode = FALSE
	EndGlobalSection
	GlobalSection(ExtensibilityGlobals) = postSolution
		SolutionGuid = {A2C63D32-5F38-461A-93D9-F94D55C12F32}
	EndGlobalSection
EndGlobal
